{
  "name": "esor",
  "version": "0.0.1",
  "lockfileVersion": 3,
  "requires": true,
  "packages": {
    "": {
      "name": "esor",
      "version": "0.0.1",
      "license": "ISC",
      "dependencies": {
        "undici": "^6.10.1"
      },
      "bin": {
        "esor": "esor.js"
      }
    },
    "node_modules/undici": {
      "version": "6.10.1",
      "resolved": "https://registry.npmjs.org/undici/-/undici-6.10.1.tgz",
      "integrity": "sha512-kSzmWrOx3XBKTgPm4Tal8Hyl3yf+hzlA00SAf4goxv8LZYafKmS6gJD/7Fe5HH/DMNiFTRXvkwhLo7mUn5fuQQ==",
      "engines": {
        "node": ">=18.0"
      }
    }
  }
}
